
Microsoft Visual Studio Solution File, Format Version 12.00
# Visual Studio 15
VisualStudioVersion = 15.0.26430.16
MinimumVisualStudioVersion = 10.0.40219.1
Project("{262852C6-CD72-467D-83FE-5EEB1973A190}") = "testApp", "testApp\testApp.jsproj", "{EEC5437F-E69D-4B62-9C16-AA2AFC53AFEF}"
EndProject
Global
	GlobalSection(SolutionConfigurationPlatforms) = preSolution
		Debug|Android = Debug|Android
		Debug|iOS = Debug|iOS
		Debug|Windows-ARM = Debug|Windows-ARM
		Debug|Windows-x64 = Debug|Windows-x64
		Debug|Windows-x86 = Debug|Windows-x86
		Release|Android = Release|Android
		Release|iOS = Release|iOS
		Release|Windows-ARM = Release|Windows-ARM
		Release|Windows-x64 = Release|Windows-x64
		Release|Windows-x86 = Release|Windows-x86
	EndGlobalSection
	GlobalSection(ProjectConfigurationPlatforms) = postSolution
		{EEC5437F-E69D-4B62-9C16-AA2AFC53AFEF}.Debug|Android.ActiveCfg = Debug|Android
		{EEC5437F-E69D-4B62-9C16-AA2AFC53AFEF}.Debug|Android.Build.0 = Debug|Android
		{EEC5437F-E69D-4B62-9C16-AA2AFC53AFEF}.Debug|Android.Deploy.0 = Debug|Android
		{EEC5437F-E69D-4B62-9C16-AA2AFC53AFEF}.Debug|iOS.ActiveCfg = Debug|iOS
		{EEC5437F-E69D-4B62-9C16-AA2AFC53AFEF}.Debug|iOS.Build.0 = Debug|iOS
		{EEC5437F-E69D-4B62-9C16-AA2AFC53AFEF}.Debug|iOS.Deploy.0 = Debug|iOS
		{EEC5437F-E69D-4B62-9C16-AA2AFC53AFEF}.Debug|Windows-ARM.ActiveCfg = Debug|Windows-ARM
		{EEC5437F-E69D-4B62-9C16-AA2AFC53AFEF}.Debug|Windows-ARM.Build.0 = Debug|Windows-ARM
		{EEC5437F-E69D-4B62-9C16-AA2AFC53AFEF}.Debug|Windows-ARM.Deploy.0 = Debug|Windows-ARM
		{EEC5437F-E69D-4B62-9C16-AA2AFC53AFEF}.Debug|Windows-x64.ActiveCfg = Debug|Windows-x64
		{EEC5437F-E69D-4B62-9C16-AA2AFC53AFEF}.Debug|Windows-x64.Build.0 = Debug|Windows-x64
		{EEC5437F-E69D-4B62-9C16-AA2AFC53AFEF}.Debug|Windows-x64.Deploy.0 = Debug|Windows-x64
		{EEC5437F-E69D-4B62-9C16-AA2AFC53AFEF}.Debug|Windows-x86.ActiveCfg = Debug|Windows-x86
		{EEC5437F-E69D-4B62-9C16-AA2AFC53AFEF}.Debug|Windows-x86.Build.0 = Debug|Windows-x86
		{EEC5437F-E69D-4B62-9C16-AA2AFC53AFEF}.Debug|Windows-x86.Deploy.0 = Debug|Windows-x86
		{EEC5437F-E69D-4B62-9C16-AA2AFC53AFEF}.Release|Android.ActiveCfg = Release|Android
		{EEC5437F-E69D-4B62-9C16-AA2AFC53AFEF}.Release|Android.Build.0 = Release|Android
		{EEC5437F-E69D-4B62-9C16-AA2AFC53AFEF}.Release|Android.Deploy.0 = Release|Android
		{EEC5437F-E69D-4B62-9C16-AA2AFC53AFEF}.Release|iOS.ActiveCfg = Release|iOS
		{EEC5437F-E69D-4B62-9C16-AA2AFC53AFEF}.Release|iOS.Build.0 = Release|iOS
		{EEC5437F-E69D-4B62-9C16-AA2AFC53AFEF}.Release|iOS.Deploy.0 = Release|iOS
		{EEC5437F-E69D-4B62-9C16-AA2AFC53AFEF}.Release|Windows-ARM.ActiveCfg = Release|Windows-ARM
		{EEC5437F-E69D-4B62-9C16-AA2AFC53AFEF}.Release|Windows-ARM.Build.0 = Release|Windows-ARM
		{EEC5437F-E69D-4B62-9C16-AA2AFC53AFEF}.Release|Windows-ARM.Deploy.0 = Release|Windows-ARM
		{EEC5437F-E69D-4B62-9C16-AA2AFC53AFEF}.Release|Windows-x64.ActiveCfg = Release|Windows-x64
		{EEC5437F-E69D-4B62-9C16-AA2AFC53AFEF}.Release|Windows-x64.Build.0 = Release|Windows-x64
		{EEC5437F-E69D-4B62-9C16-AA2AFC53AFEF}.Release|Windows-x64.Deploy.0 = Release|Windows-x64
		{EEC5437F-E69D-4B62-9C16-AA2AFC53AFEF}.Release|Windows-x86.ActiveCfg = Release|Windows-x86
		{EEC5437F-E69D-4B62-9C16-AA2AFC53AFEF}.Release|Windows-x86.Build.0 = Release|Windows-x86
		{EEC5437F-E69D-4B62-9C16-AA2AFC53AFEF}.Release|Windows-x86.Deploy.0 = Release|Windows-x86
	EndGlobalSection
	GlobalSection(SolutionProperties) = preSolution
		HideSolutionNode = FALSE
	EndGlobalSection
EndGlobal
