
Microsoft Visual Studio Solution File, Format Version 12.00
# Visual Studio 15
VisualStudioVersion = 15.0.26430.16
MinimumVisualStudioVersion = 10.0.40219.1
Project("{D954291E-2A0B-460D-934E-DC6B0785DB48}") = "App1", "App1\App1\App1.shproj", "{A93A8FAA-28FE-43CC-9646-3FE67DE36D02}"
EndProject
Project("{FAE04EC0-301F-11D3-BF4B-00C04F79EFBC}") = "App1.Android", "App1\App1.Android\App1.Android.csproj", "{57670648-7095-420F-A27B-FA9225862156}"
EndProject
Project("{FAE04EC0-301F-11D3-BF4B-00C04F79EFBC}") = "App1.iOS", "App1\App1.iOS\App1.iOS.csproj", "{AF28D4B5-3BC5-4C68-ADEA-0E0D5E98800E}"
EndProject
Project("{FAE04EC0-301F-11D3-BF4B-00C04F79EFBC}") = "App1.UWP", "App1\App1.UWP\App1.UWP.csproj", "{2C2AECAC-53BB-40E4-9608-17B5A311E69E}"
EndProject
Global
	GlobalSection(SharedMSBuildProjectFiles) = preSolution
		App1\App1\App1.projitems*{57670648-7095-420f-a27b-fa9225862156}*SharedItemsImports = 4
		App1\App1\App1.projitems*{a93a8faa-28fe-43cc-9646-3fe67de36d02}*SharedItemsImports = 13
		App1\App1\App1.projitems*{af28d4b5-3bc5-4c68-adea-0e0d5e98800e}*SharedItemsImports = 4
	EndGlobalSection
	GlobalSection(SolutionConfigurationPlatforms) = preSolution
		Ad-Hoc|Any CPU = Ad-Hoc|Any CPU
		Ad-Hoc|ARM = Ad-Hoc|ARM
		Ad-Hoc|iPhone = Ad-Hoc|iPhone
		Ad-Hoc|iPhoneSimulator = Ad-Hoc|iPhoneSimulator
		Ad-Hoc|x64 = Ad-Hoc|x64
		Ad-Hoc|x86 = Ad-Hoc|x86
		AppStore|Any CPU = AppStore|Any CPU
		AppStore|ARM = AppStore|ARM
		AppStore|iPhone = AppStore|iPhone
		AppStore|iPhoneSimulator = AppStore|iPhoneSimulator
		AppStore|x64 = AppStore|x64
		AppStore|x86 = AppStore|x86
		Debug|Any CPU = Debug|Any CPU
		Debug|ARM = Debug|ARM
		Debug|iPhone = Debug|iPhone
		Debug|iPhoneSimulator = Debug|iPhoneSimulator
		Debug|x64 = Debug|x64
		Debug|x86 = Debug|x86
		Release|Any CPU = Release|Any CPU
		Release|ARM = Release|ARM
		Release|iPhone = Release|iPhone
		Release|iPhoneSimulator = Release|iPhoneSimulator
		Release|x64 = Release|x64
		Release|x86 = Release|x86
	EndGlobalSection
	GlobalSection(ProjectConfigurationPlatforms) = postSolution
		{57670648-7095-420F-A27B-FA9225862156}.Ad-Hoc|Any CPU.ActiveCfg = Release|Any CPU
		{57670648-7095-420F-A27B-FA9225862156}.Ad-Hoc|Any CPU.Build.0 = Release|Any CPU
		{57670648-7095-420F-A27B-FA9225862156}.Ad-Hoc|Any CPU.Deploy.0 = Release|Any CPU
		{57670648-7095-420F-A27B-FA9225862156}.Ad-Hoc|ARM.ActiveCfg = Release|Any CPU
		{57670648-7095-420F-A27B-FA9225862156}.Ad-Hoc|ARM.Build.0 = Release|Any CPU
		{57670648-7095-420F-A27B-FA9225862156}.Ad-Hoc|ARM.Deploy.0 = Release|Any CPU
		{57670648-7095-420F-A27B-FA9225862156}.Ad-Hoc|iPhone.ActiveCfg = Release|Any CPU
		{57670648-7095-420F-A27B-FA9225862156}.Ad-Hoc|iPhone.Build.0 = Release|Any CPU
		{57670648-7095-420F-A27B-FA9225862156}.Ad-Hoc|iPhone.Deploy.0 = Release|Any CPU
		{57670648-7095-420F-A27B-FA9225862156}.Ad-Hoc|iPhoneSimulator.ActiveCfg = Release|Any CPU
		{57670648-7095-420F-A27B-FA9225862156}.Ad-Hoc|iPhoneSimulator.Build.0 = Release|Any CPU
		{57670648-7095-420F-A27B-FA9225862156}.Ad-Hoc|iPhoneSimulator.Deploy.0 = Release|Any CPU
		{57670648-7095-420F-A27B-FA9225862156}.Ad-Hoc|x64.ActiveCfg = Release|Any CPU
		{57670648-7095-420F-A27B-FA9225862156}.Ad-Hoc|x64.Build.0 = Release|Any CPU
		{57670648-7095-420F-A27B-FA9225862156}.Ad-Hoc|x64.Deploy.0 = Release|Any CPU
		{57670648-7095-420F-A27B-FA9225862156}.Ad-Hoc|x86.ActiveCfg = Release|Any CPU
		{57670648-7095-420F-A27B-FA9225862156}.Ad-Hoc|x86.Build.0 = Release|Any CPU
		{57670648-7095-420F-A27B-FA9225862156}.Ad-Hoc|x86.Deploy.0 = Release|Any CPU
		{57670648-7095-420F-A27B-FA9225862156}.AppStore|Any CPU.ActiveCfg = Release|Any CPU
		{57670648-7095-420F-A27B-FA9225862156}.AppStore|Any CPU.Build.0 = Release|Any CPU
		{57670648-7095-420F-A27B-FA9225862156}.AppStore|Any CPU.Deploy.0 = Release|Any CPU
		{57670648-7095-420F-A27B-FA9225862156}.AppStore|ARM.ActiveCfg = Release|Any CPU
		{57670648-7095-420F-A27B-FA9225862156}.AppStore|ARM.Build.0 = Release|Any CPU
		{57670648-7095-420F-A27B-FA9225862156}.AppStore|ARM.Deploy.0 = Release|Any CPU
		{57670648-7095-420F-A27B-FA9225862156}.AppStore|iPhone.ActiveCfg = Release|Any CPU
		{57670648-7095-420F-A27B-FA9225862156}.AppStore|iPhone.Build.0 = Release|Any CPU
		{57670648-7095-420F-A27B-FA9225862156}.AppStore|iPhone.Deploy.0 = Release|Any CPU
		{57670648-7095-420F-A27B-FA9225862156}.AppStore|iPhoneSimulator.ActiveCfg = Release|Any CPU
		{57670648-7095-420F-A27B-FA9225862156}.AppStore|iPhoneSimulator.Build.0 = Release|Any CPU
		{57670648-7095-420F-A27B-FA9225862156}.AppStore|iPhoneSimulator.Deploy.0 = Release|Any CPU
		{57670648-7095-420F-A27B-FA9225862156}.AppStore|x64.ActiveCfg = Release|Any CPU
		{57670648-7095-420F-A27B-FA9225862156}.AppStore|x64.Build.0 = Release|Any CPU
		{57670648-7095-420F-A27B-FA9225862156}.AppStore|x64.Deploy.0 = Release|Any CPU
		{57670648-7095-420F-A27B-FA9225862156}.AppStore|x86.ActiveCfg = Release|Any CPU
		{57670648-7095-420F-A27B-FA9225862156}.AppStore|x86.Build.0 = Release|Any CPU
		{57670648-7095-420F-A27B-FA9225862156}.AppStore|x86.Deploy.0 = Release|Any CPU
		{57670648-7095-420F-A27B-FA9225862156}.Debug|Any CPU.ActiveCfg = Debug|Any CPU
		{57670648-7095-420F-A27B-FA9225862156}.Debug|Any CPU.Build.0 = Debug|Any CPU
		{57670648-7095-420F-A27B-FA9225862156}.Debug|Any CPU.Deploy.0 = Debug|Any CPU
		{57670648-7095-420F-A27B-FA9225862156}.Debug|ARM.ActiveCfg = Debug|Any CPU
		{57670648-7095-420F-A27B-FA9225862156}.Debug|ARM.Build.0 = Debug|Any CPU
		{57670648-7095-420F-A27B-FA9225862156}.Debug|ARM.Deploy.0 = Debug|Any CPU
		{57670648-7095-420F-A27B-FA9225862156}.Debug|iPhone.ActiveCfg = Debug|Any CPU
		{57670648-7095-420F-A27B-FA9225862156}.Debug|iPhone.Build.0 = Debug|Any CPU
		{57670648-7095-420F-A27B-FA9225862156}.Debug|iPhone.Deploy.0 = Debug|Any CPU
		{57670648-7095-420F-A27B-FA9225862156}.Debug|iPhoneSimulator.ActiveCfg = Debug|Any CPU
		{57670648-7095-420F-A27B-FA9225862156}.Debug|iPhoneSimulator.Build.0 = Debug|Any CPU
		{57670648-7095-420F-A27B-FA9225862156}.Debug|iPhoneSimulator.Deploy.0 = Debug|Any CPU
		{57670648-7095-420F-A27B-FA9225862156}.Debug|x64.ActiveCfg = Debug|Any CPU
		{57670648-7095-420F-A27B-FA9225862156}.Debug|x64.Build.0 = Debug|Any CPU
		{57670648-7095-420F-A27B-FA9225862156}.Debug|x64.Deploy.0 = Debug|Any CPU
		{57670648-7095-420F-A27B-FA9225862156}.Debug|x86.ActiveCfg = Debug|Any CPU
		{57670648-7095-420F-A27B-FA9225862156}.Debug|x86.Build.0 = Debug|Any CPU
		{57670648-7095-420F-A27B-FA9225862156}.Debug|x86.Deploy.0 = Debug|Any CPU
		{57670648-7095-420F-A27B-FA9225862156}.Release|Any CPU.ActiveCfg = Release|Any CPU
		{57670648-7095-420F-A27B-FA9225862156}.Release|Any CPU.Build.0 = Release|Any CPU
		{57670648-7095-420F-A27B-FA9225862156}.Release|Any CPU.Deploy.0 = Release|Any CPU
		{57670648-7095-420F-A27B-FA9225862156}.Release|ARM.ActiveCfg = Release|Any CPU
		{57670648-7095-420F-A27B-FA9225862156}.Release|ARM.Build.0 = Release|Any CPU
		{57670648-7095-420F-A27B-FA9225862156}.Release|ARM.Deploy.0 = Release|Any CPU
		{57670648-7095-420F-A27B-FA9225862156}.Release|iPhone.ActiveCfg = Release|Any CPU
		{57670648-7095-420F-A27B-FA9225862156}.Release|iPhone.Build.0 = Release|Any CPU
		{57670648-7095-420F-A27B-FA9225862156}.Release|iPhone.Deploy.0 = Release|Any CPU
		{57670648-7095-420F-A27B-FA9225862156}.Release|iPhoneSimulator.ActiveCfg = Release|Any CPU
		{57670648-7095-420F-A27B-FA9225862156}.Release|iPhoneSimulator.Build.0 = Release|Any CPU
		{57670648-7095-420F-A27B-FA9225862156}.Release|iPhoneSimulator.Deploy.0 = Release|Any CPU
		{57670648-7095-420F-A27B-FA9225862156}.Release|x64.ActiveCfg = Release|Any CPU
		{57670648-7095-420F-A27B-FA9225862156}.Release|x64.Build.0 = Release|Any CPU
		{57670648-7095-420F-A27B-FA9225862156}.Release|x64.Deploy.0 = Release|Any CPU
		{57670648-7095-420F-A27B-FA9225862156}.Release|x86.ActiveCfg = Release|Any CPU
		{57670648-7095-420F-A27B-FA9225862156}.Release|x86.Build.0 = Release|Any CPU
		{57670648-7095-420F-A27B-FA9225862156}.Release|x86.Deploy.0 = Release|Any CPU
		{AF28D4B5-3BC5-4C68-ADEA-0E0D5E98800E}.Ad-Hoc|Any CPU.ActiveCfg = Ad-Hoc|iPhone
		{AF28D4B5-3BC5-4C68-ADEA-0E0D5E98800E}.Ad-Hoc|ARM.ActiveCfg = Ad-Hoc|iPhone
		{AF28D4B5-3BC5-4C68-ADEA-0E0D5E98800E}.Ad-Hoc|iPhone.ActiveCfg = Ad-Hoc|iPhone
		{AF28D4B5-3BC5-4C68-ADEA-0E0D5E98800E}.Ad-Hoc|iPhone.Build.0 = Ad-Hoc|iPhone
		{AF28D4B5-3BC5-4C68-ADEA-0E0D5E98800E}.Ad-Hoc|iPhoneSimulator.ActiveCfg = Ad-Hoc|iPhoneSimulator
		{AF28D4B5-3BC5-4C68-ADEA-0E0D5E98800E}.Ad-Hoc|iPhoneSimulator.Build.0 = Ad-Hoc|iPhoneSimulator
		{AF28D4B5-3BC5-4C68-ADEA-0E0D5E98800E}.Ad-Hoc|x64.ActiveCfg = Ad-Hoc|iPhone
		{AF28D4B5-3BC5-4C68-ADEA-0E0D5E98800E}.Ad-Hoc|x86.ActiveCfg = Ad-Hoc|iPhone
		{AF28D4B5-3BC5-4C68-ADEA-0E0D5E98800E}.AppStore|Any CPU.ActiveCfg = AppStore|iPhone
		{AF28D4B5-3BC5-4C68-ADEA-0E0D5E98800E}.AppStore|ARM.ActiveCfg = AppStore|iPhone
		{AF28D4B5-3BC5-4C68-ADEA-0E0D5E98800E}.AppStore|iPhone.ActiveCfg = AppStore|iPhone
		{AF28D4B5-3BC5-4C68-ADEA-0E0D5E98800E}.AppStore|iPhone.Build.0 = AppStore|iPhone
		{AF28D4B5-3BC5-4C68-ADEA-0E0D5E98800E}.AppStore|iPhoneSimulator.ActiveCfg = AppStore|iPhoneSimulator
		{AF28D4B5-3BC5-4C68-ADEA-0E0D5E98800E}.AppStore|iPhoneSimulator.Build.0 = AppStore|iPhoneSimulator
		{AF28D4B5-3BC5-4C68-ADEA-0E0D5E98800E}.AppStore|x64.ActiveCfg = AppStore|iPhone
		{AF28D4B5-3BC5-4C68-ADEA-0E0D5E98800E}.AppStore|x86.ActiveCfg = AppStore|iPhone
		{AF28D4B5-3BC5-4C68-ADEA-0E0D5E98800E}.Debug|Any CPU.ActiveCfg = Debug|iPhone
		{AF28D4B5-3BC5-4C68-ADEA-0E0D5E98800E}.Debug|ARM.ActiveCfg = Debug|iPhone
		{AF28D4B5-3BC5-4C68-ADEA-0E0D5E98800E}.Debug|iPhone.ActiveCfg = Debug|iPhone
		{AF28D4B5-3BC5-4C68-ADEA-0E0D5E98800E}.Debug|iPhone.Build.0 = Debug|iPhone
		{AF28D4B5-3BC5-4C68-ADEA-0E0D5E98800E}.Debug|iPhoneSimulator.ActiveCfg = Debug|iPhoneSimulator
		{AF28D4B5-3BC5-4C68-ADEA-0E0D5E98800E}.Debug|iPhoneSimulator.Build.0 = Debug|iPhoneSimulator
		{AF28D4B5-3BC5-4C68-ADEA-0E0D5E98800E}.Debug|x64.ActiveCfg = Debug|iPhone
		{AF28D4B5-3BC5-4C68-ADEA-0E0D5E98800E}.Debug|x86.ActiveCfg = Debug|iPhone
		{AF28D4B5-3BC5-4C68-ADEA-0E0D5E98800E}.Release|Any CPU.ActiveCfg = Release|iPhone
		{AF28D4B5-3BC5-4C68-ADEA-0E0D5E98800E}.Release|ARM.ActiveCfg = Release|iPhone
		{AF28D4B5-3BC5-4C68-ADEA-0E0D5E98800E}.Release|iPhone.ActiveCfg = Release|iPhone
		{AF28D4B5-3BC5-4C68-ADEA-0E0D5E98800E}.Release|iPhone.Build.0 = Release|iPhone
		{AF28D4B5-3BC5-4C68-ADEA-0E0D5E98800E}.Release|iPhoneSimulator.ActiveCfg = Release|iPhoneSimulator
		{AF28D4B5-3BC5-4C68-ADEA-0E0D5E98800E}.Release|iPhoneSimulator.Build.0 = Release|iPhoneSimulator
		{AF28D4B5-3BC5-4C68-ADEA-0E0D5E98800E}.Release|x64.ActiveCfg = Release|iPhone
		{AF28D4B5-3BC5-4C68-ADEA-0E0D5E98800E}.Release|x86.ActiveCfg = Release|iPhone
		{2C2AECAC-53BB-40E4-9608-17B5A311E69E}.Ad-Hoc|Any CPU.ActiveCfg = Release|x86
		{2C2AECAC-53BB-40E4-9608-17B5A311E69E}.Ad-Hoc|Any CPU.Build.0 = Release|x86
		{2C2AECAC-53BB-40E4-9608-17B5A311E69E}.Ad-Hoc|Any CPU.Deploy.0 = Release|x86
		{2C2AECAC-53BB-40E4-9608-17B5A311E69E}.Ad-Hoc|ARM.ActiveCfg = Release|ARM
		{2C2AECAC-53BB-40E4-9608-17B5A311E69E}.Ad-Hoc|ARM.Build.0 = Release|ARM
		{2C2AECAC-53BB-40E4-9608-17B5A311E69E}.Ad-Hoc|ARM.Deploy.0 = Release|ARM
		{2C2AECAC-53BB-40E4-9608-17B5A311E69E}.Ad-Hoc|iPhone.ActiveCfg = Release|x86
		{2C2AECAC-53BB-40E4-9608-17B5A311E69E}.Ad-Hoc|iPhone.Build.0 = Release|x86
		{2C2AECAC-53BB-40E4-9608-17B5A311E69E}.Ad-Hoc|iPhone.Deploy.0 = Release|x86
		{2C2AECAC-53BB-40E4-9608-17B5A311E69E}.Ad-Hoc|iPhoneSimulator.ActiveCfg = Release|x86
		{2C2AECAC-53BB-40E4-9608-17B5A311E69E}.Ad-Hoc|iPhoneSimulator.Build.0 = Release|x86
		{2C2AECAC-53BB-40E4-9608-17B5A311E69E}.Ad-Hoc|iPhoneSimulator.Deploy.0 = Release|x86
		{2C2AECAC-53BB-40E4-9608-17B5A311E69E}.Ad-Hoc|x64.ActiveCfg = Release|x64
		{2C2AECAC-53BB-40E4-9608-17B5A311E69E}.Ad-Hoc|x64.Build.0 = Release|x64
		{2C2AECAC-53BB-40E4-9608-17B5A311E69E}.Ad-Hoc|x64.Deploy.0 = Release|x64
		{2C2AECAC-53BB-40E4-9608-17B5A311E69E}.Ad-Hoc|x86.ActiveCfg = Release|x86
		{2C2AECAC-53BB-40E4-9608-17B5A311E69E}.Ad-Hoc|x86.Build.0 = Release|x86
		{2C2AECAC-53BB-40E4-9608-17B5A311E69E}.Ad-Hoc|x86.Deploy.0 = Release|x86
		{2C2AECAC-53BB-40E4-9608-17B5A311E69E}.AppStore|Any CPU.ActiveCfg = Release|x86
		{2C2AECAC-53BB-40E4-9608-17B5A311E69E}.AppStore|Any CPU.Build.0 = Release|x86
		{2C2AECAC-53BB-40E4-9608-17B5A311E69E}.AppStore|Any CPU.Deploy.0 = Release|x86
		{2C2AECAC-53BB-40E4-9608-17B5A311E69E}.AppStore|ARM.ActiveCfg = Release|ARM
		{2C2AECAC-53BB-40E4-9608-17B5A311E69E}.AppStore|ARM.Build.0 = Release|ARM
		{2C2AECAC-53BB-40E4-9608-17B5A311E69E}.AppStore|ARM.Deploy.0 = Release|ARM
		{2C2AECAC-53BB-40E4-9608-17B5A311E69E}.AppStore|iPhone.ActiveCfg = Release|x86
		{2C2AECAC-53BB-40E4-9608-17B5A311E69E}.AppStore|iPhone.Build.0 = Release|x86
		{2C2AECAC-53BB-40E4-9608-17B5A311E69E}.AppStore|iPhone.Deploy.0 = Release|x86
		{2C2AECAC-53BB-40E4-9608-17B5A311E69E}.AppStore|iPhoneSimulator.ActiveCfg = Release|x86
		{2C2AECAC-53BB-40E4-9608-17B5A311E69E}.AppStore|iPhoneSimulator.Build.0 = Release|x86
		{2C2AECAC-53BB-40E4-9608-17B5A311E69E}.AppStore|iPhoneSimulator.Deploy.0 = Release|x86
		{2C2AECAC-53BB-40E4-9608-17B5A311E69E}.AppStore|x64.ActiveCfg = Release|x64
		{2C2AECAC-53BB-40E4-9608-17B5A311E69E}.AppStore|x64.Build.0 = Release|x64
		{2C2AECAC-53BB-40E4-9608-17B5A311E69E}.AppStore|x64.Deploy.0 = Release|x64
		{2C2AECAC-53BB-40E4-9608-17B5A311E69E}.AppStore|x86.ActiveCfg = Release|x86
		{2C2AECAC-53BB-40E4-9608-17B5A311E69E}.AppStore|x86.Build.0 = Release|x86
		{2C2AECAC-53BB-40E4-9608-17B5A311E69E}.AppStore|x86.Deploy.0 = Release|x86
		{2C2AECAC-53BB-40E4-9608-17B5A311E69E}.Debug|Any CPU.ActiveCfg = Debug|x86
		{2C2AECAC-53BB-40E4-9608-17B5A311E69E}.Debug|ARM.ActiveCfg = Debug|ARM
		{2C2AECAC-53BB-40E4-9608-17B5A311E69E}.Debug|ARM.Build.0 = Debug|ARM
		{2C2AECAC-53BB-40E4-9608-17B5A311E69E}.Debug|ARM.Deploy.0 = Debug|ARM
		{2C2AECAC-53BB-40E4-9608-17B5A311E69E}.Debug|iPhone.ActiveCfg = Debug|x86
		{2C2AECAC-53BB-40E4-9608-17B5A311E69E}.Debug|iPhoneSimulator.ActiveCfg = Debug|x86
		{2C2AECAC-53BB-40E4-9608-17B5A311E69E}.Debug|x64.ActiveCfg = Debug|x64
		{2C2AECAC-53BB-40E4-9608-17B5A311E69E}.Debug|x64.Build.0 = Debug|x64
		{2C2AECAC-53BB-40E4-9608-17B5A311E69E}.Debug|x64.Deploy.0 = Debug|x64
		{2C2AECAC-53BB-40E4-9608-17B5A311E69E}.Debug|x86.ActiveCfg = Debug|x86
		{2C2AECAC-53BB-40E4-9608-17B5A311E69E}.Debug|x86.Build.0 = Debug|x86
		{2C2AECAC-53BB-40E4-9608-17B5A311E69E}.Debug|x86.Deploy.0 = Debug|x86
		{2C2AECAC-53BB-40E4-9608-17B5A311E69E}.Release|Any CPU.ActiveCfg = Release|x86
		{2C2AECAC-53BB-40E4-9608-17B5A311E69E}.Release|ARM.ActiveCfg = Release|ARM
		{2C2AECAC-53BB-40E4-9608-17B5A311E69E}.Release|ARM.Build.0 = Release|ARM
		{2C2AECAC-53BB-40E4-9608-17B5A311E69E}.Release|ARM.Deploy.0 = Release|ARM
		{2C2AECAC-53BB-40E4-9608-17B5A311E69E}.Release|iPhone.ActiveCfg = Release|x86
		{2C2AECAC-53BB-40E4-9608-17B5A311E69E}.Release|iPhoneSimulator.ActiveCfg = Release|x86
		{2C2AECAC-53BB-40E4-9608-17B5A311E69E}.Release|x64.ActiveCfg = Release|x64
		{2C2AECAC-53BB-40E4-9608-17B5A311E69E}.Release|x64.Build.0 = Release|x64
		{2C2AECAC-53BB-40E4-9608-17B5A311E69E}.Release|x64.Deploy.0 = Release|x64
		{2C2AECAC-53BB-40E4-9608-17B5A311E69E}.Release|x86.ActiveCfg = Release|x86
		{2C2AECAC-53BB-40E4-9608-17B5A311E69E}.Release|x86.Build.0 = Release|x86
		{2C2AECAC-53BB-40E4-9608-17B5A311E69E}.Release|x86.Deploy.0 = Release|x86
	EndGlobalSection
	GlobalSection(SolutionProperties) = preSolution
		HideSolutionNode = FALSE
	EndGlobalSection
EndGlobal
